Microsoft Visual Studio Solution File, Format Version 12.00
# Visual Studio Version 17
VisualStudioVersion = 17.5.2.0
MinimumVisualStudioVersion = 10.0.40219.1
Project("{FAE04EC0-301F-11D3-BF4B-00C04F79EFBC}") = "Assignment2App", "Assignment2App\Assignment2App.csproj", "{2B1AD4A0-152D-3D49-EEA2-4BAD55134E0D}"
EndProject
Global
	GlobalSection(SolutionConfigurationPlatforms) = preSolution
		Debug|Any CPU = Debug|Any CPU
		Release|Any CPU = Release|Any CPU
	EndGlobalSection
	GlobalSection(ProjectConfigurationPlatforms) = postSolution
		{2B1AD4A0-152D-3D49-EEA2-4BAD55134E0D}.Debug|Any CPU.ActiveCfg = Debug|Any CPU
		{2B1AD4A0-152D-3D49-EEA2-4BAD55134E0D}.Debug|Any CPU.Build.0 = Debug|Any CPU
		{2B1AD4A0-152D-3D49-EEA2-4BAD55134E0D}.Release|Any CPU.ActiveCfg = Release|Any CPU
		{2B1AD4A0-152D-3D49-EEA2-4BAD55134E0D}.Release|Any CPU.Build.0 = Release|Any CPU
	EndGlobalSection
	GlobalSection(SolutionProperties) = preSolution
		HideSolutionNode = FALSE
	EndGlobalSection
	GlobalSection(ExtensibilityGlobals) = postSolution
		SolutionGuid = {F7D7A47E-0448-413A-87FF-1C15711EED80}
	EndGlobalSection
EndGlobal
